
Microsoft Visual Studio Solution File, Format Version 12.00
# Visual Studio 15
VisualStudioVersion = 15.0.27703.2047
MinimumVisualStudioVersion = 10.0.40219.1
Project("{FAE04EC0-301F-11D3-BF4B-00C04F79EFBC}") = "InvoiceApp.API", "InvoiceApp\InvoiceApp.API.csproj", "{BFBE47CA-0586-4B61-A8EE-B8BC25BCF6F4}"
EndProject
Project("{FAE04EC0-301F-11D3-BF4B-00C04F79EFBC}") = "Invoice.DataAccess", "Invoice.DataAccess\Invoice.DataAccess.csproj", "{F8AE11C0-8C0E-41B7-BEE4-E6F6F7FDDDFC}"
EndProject
Project("{FAE04EC0-301F-11D3-BF4B-00C04F79EFBC}") = "Invoice.Models", "Invoice.Models\Invoice.Models.csproj", "{42184EAA-66AB-4CC4-AA8C-D230B435C502}"
EndProject
Project("{FAE04EC0-301F-11D3-BF4B-00C04F79EFBC}") = "Invoice.BusinessLayer", "Invoice.BusinessLayer\Invoice.BusinessLayer.csproj", "{6428BE73-8DD9-4529-929B-E1097CD15914}"
EndProject
Global
	GlobalSection(SolutionConfigurationPlatforms) = preSolution
		Debug|Any CPU = Debug|Any CPU
		Release|Any CPU = Release|Any CPU
	EndGlobalSection
	GlobalSection(ProjectConfigurationPlatforms) = postSolution
		{BFBE47CA-0586-4B61-A8EE-B8BC25BCF6F4}.Debug|Any CPU.ActiveCfg = Debug|Any CPU
		{BFBE47CA-0586-4B61-A8EE-B8BC25BCF6F4}.Debug|Any CPU.Build.0 = Debug|Any CPU
		{BFBE47CA-0586-4B61-A8EE-B8BC25BCF6F4}.Release|Any CPU.ActiveCfg = Release|Any CPU
		{BFBE47CA-0586-4B61-A8EE-B8BC25BCF6F4}.Release|Any CPU.Build.0 = Release|Any CPU
		{F8AE11C0-8C0E-41B7-BEE4-E6F6F7FDDDFC}.Debug|Any CPU.ActiveCfg = Debug|Any CPU
		{F8AE11C0-8C0E-41B7-BEE4-E6F6F7FDDDFC}.Debug|Any CPU.Build.0 = Debug|Any CPU
		{F8AE11C0-8C0E-41B7-BEE4-E6F6F7FDDDFC}.Release|Any CPU.ActiveCfg = Release|Any CPU
		{F8AE11C0-8C0E-41B7-BEE4-E6F6F7FDDDFC}.Release|Any CPU.Build.0 = Release|Any CPU
		{42184EAA-66AB-4CC4-AA8C-D230B435C502}.Debug|Any CPU.ActiveCfg = Debug|Any CPU
		{42184EAA-66AB-4CC4-AA8C-D230B435C502}.Debug|Any CPU.Build.0 = Debug|Any CPU
		{42184EAA-66AB-4CC4-AA8C-D230B435C502}.Release|Any CPU.ActiveCfg = Release|Any CPU
		{42184EAA-66AB-4CC4-AA8C-D230B435C502}.Release|Any CPU.Build.0 = Release|Any CPU
		{6428BE73-8DD9-4529-929B-E1097CD15914}.Debug|Any CPU.ActiveCfg = Debug|Any CPU
		{6428BE73-8DD9-4529-929B-E1097CD15914}.Debug|Any CPU.Build.0 = Debug|Any CPU
		{6428BE73-8DD9-4529-929B-E1097CD15914}.Release|Any CPU.ActiveCfg = Release|Any CPU
		{6428BE73-8DD9-4529-929B-E1097CD15914}.Release|Any CPU.Build.0 = Release|Any CPU
	EndGlobalSection
	GlobalSection(SolutionProperties) = preSolution
		HideSolutionNode = FALSE
	EndGlobalSection
	GlobalSection(ExtensibilityGlobals) = postSolution
		SolutionGuid = {DEB6910E-2C88-4AA7-881F-06316A40DF5C}
	EndGlobalSection
EndGlobal
